github.com/adl-lang/goadl_rt v1.0.0 h1:zxw1c8Jrfi8kW2UNeaeYOiyXMXC+GBTeJJOpRDFzjQI=
github.com/adl-lang/goadl_rt v1.0.0/go.mod h1:LWFtnHHXeJJfmn4n6pcGizhv5GjUj+oIV2f2IDoLUXs=
github.com/adl-lang/goadl_rt/v2 v2.0.0-alpha.4 h1:x5bHCqpykzTpRGxYp+TzNb9IG8AG70UKj0WTuXmhJGM=
github.com/adl-lang/goadl_rt/v2 v2.0.0-alpha.4/go.mod h1:7NnNx/vhDhwktBwGeO4Rlt352y6RYR9VF9gIXoeUbu8=
github.com/golang/glog v1.2.1 h1:OptwRhECazUx5ix5TTWC3EZhsZEHWcYWY4FQHTIubm4=
github.com/golang/glog v1.2.1/go.mod h1:6AhwSGph0fcJtXVM/PEHPqZlFeoLxhs7/t5UDAwmO+w=
github.com/google/go-cmp v0.6.0 h1:ofyhxvXcZhMsU5ulbFiLKl/XBFqE1GSq7atu8tAmTRI=
github.com/google/go-cmp v0.6.0/go.mod h1:17dUlkBOakJ0+DkrSSNjCkIjxS6bF9zb3elmeNGIjoY=
github.com/hashicorp/errwrap v1.0.0 h1:hLrqtEDnRye3+sgx6z4qVLNuviH3MR5aQ0ykNJa/UYA=
github.com/hashicorp/errwrap v1.0.0/go.mod h1:YH+1FKiLXxHSkmPseP+kNlulaMuP3n2brvKWEqk/Jc4=
github.com/hashicorp/go-multierror v1.0.0 h1:iVjPR7a6H0tWELX5NxNe7bYopibicUzc7uPribsnS6o=
github.com/hashicorp/go-multierror v1.0.0/go.mod h1:dHtQlpGsu+cZNNAkkCN/P3hoUDHhCYQXV3UM06sGGrk=
github.com/jpillora/opts v1.2.3 h1:Q0YuOM7y0BlunHJ7laR1TUxkUA7xW8A2rciuZ70xs8g=
github.com/jpillora/opts v1.2.3/go.mod h1:7p7X/vlpKZmtaDFYKs956EujFqA6aCrOkcCaS6UBcR4=
github.com/posener/complete v1.2.2-0.20190308074557-af07aa5181b3 h1:GqpA1/5oN1NgsxoSA4RH0YWTaqvUlQNeOpHXD/JRbOQ=
github.com/posener/complete v1.2.2-0.20190308074557-af07aa5181b3/go.mod h1:6gapUrK/U1TAN7ciCoNRIdVC5sbdBTUh1DKN0g6uH7E=
golang.org/x/mod v0.17.0 h1:zY54UmvipHiNd+pm+m0x9KhZ9hl1/7QNMyxXbc6ICqA=
golang.org/x/mod v0.17.0/go.mod h1:hTbmBsO62+eylJbnUtE2MGJUyE7QWk4xUqPFrRgJ+7c=
golang.org/x/tools v0.20.0 h1:hz/CVckiOxybQvFw6h7b/q80NTr9IUQb4s1IIzW7KNY=
golang.org/x/tools v0.20.0/go.mod h1:WvitBU7JJf6A4jOdg4S1tviW9bhUxkgeCui/0JHctQg=
